
Microsoft Visual Studio Solution File, Format Version 12.00
# Visual Studio Version 17
VisualStudioVersion = 17.4.33213.308
MinimumVisualStudioVersion = 10.0.40219.1
Project("{FAE04EC0-301F-11D3-BF4B-00C04F79EFBC}") = "ProbabilityTheory", "ProbabilityTheory\ProbabilityTheory.csproj", "{26865D2B-6311-45C7-9B73-05C4DF1DA823}"
EndProject
Global
	GlobalSection(SolutionConfigurationPlatforms) = preSolution
		Debug|Any CPU = Debug|Any CPU
		Release|Any CPU = Release|Any CPU
	EndGlobalSection
	GlobalSection(ProjectConfigurationPlatforms) = postSolution
		{26865D2B-6311-45C7-9B73-05C4DF1DA823}.Debug|Any CPU.ActiveCfg = Debug|Any CPU
		{26865D2B-6311-45C7-9B73-05C4DF1DA823}.Debug|Any CPU.Build.0 = Debug|Any CPU
		{26865D2B-6311-45C7-9B73-05C4DF1DA823}.Release|Any CPU.ActiveCfg = Release|Any CPU
		{26865D2B-6311-45C7-9B73-05C4DF1DA823}.Release|Any CPU.Build.0 = Release|Any CPU
	EndGlobalSection
	GlobalSection(SolutionProperties) = preSolution
		HideSolutionNode = FALSE
	EndGlobalSection
	GlobalSection(ExtensibilityGlobals) = postSolution
		SolutionGuid = {C5C2A021-2492-43CC-BE60-A73DC0E971CD}
	EndGlobalSection
EndGlobal
